<?xml version="1.0" encoding="utf-8"?>
<Project ToolsVersion="4.0" xmlns="http://schemas.microsoft.com/developer/msbuild/2003">
  <ItemGroup>
    <ClCompile Include="..\..\IRUM_UTIL\QueueShm.cpp" />
    <ClCompile Include="ChartMaker.cpp" />
    <ClCompile Include="main.cpp" />
    <ClCompile Include="..\..\IRUM_UTIL\ADOFunc.cpp">
      <Filter>Common</Filter>
    </ClCompile>
    <ClCompile Include="..\..\IRUM_UTIL\IRExcept.cpp">
      <Filter>Common</Filter>
    </ClCompile>
    <ClCompile Include="..\..\IRUM_INC\IRUM_Common.cpp">
      <Filter>Common</Filter>
    </ClCompile>
    <ClCompile Include="..\..\IRUM_UTIL\Log.cpp">
      <Filter>Common</Filter>
    </ClCompile>
    <ClCompile Include="..\..\IRUM_UTIL\LogMsg.cpp">
      <Filter>Common</Filter>
    </ClCompile>
    <ClCompile Include="..\..\IRUM_UTIL\MCastRecv.cpp">
      <Filter>Common</Filter>
    </ClCompile>
    <ClCompile Include="..\..\IRUM_UTIL\MemPool.cpp">
      <Filter>Common</Filter>
    </ClCompile>
    <ClCompile Include="..\..\IRUM_UTIL\Prop.cpp">
      <Filter>Common</Filter>
    </ClCompile>
    <ClCompile Include="..\..\IRUM_UTIL\Util.cpp">
      <Filter>Common</Filter>
    </ClCompile>
  </ItemGroup>
  <ItemGroup>
    <ClInclude Include="..\..\IRUM_UTIL\QueueShm.h" />
    <ClInclude Include="..\Common\ChartCommon.h" />
    <ClInclude Include="ChartMaker.h" />
    <ClInclude Include="Main.h" />
    <ClInclude Include="..\..\IRUM_UTIL\ADOFunc.h">
      <Filter>Common</Filter>
    </ClInclude>
    <ClInclude Include="..\..\IRUM_UTIL\BaseThread.h">
      <Filter>Common</Filter>
    </ClInclude>
    <ClInclude Include="..\..\IRUM_UTIL\IRExcept.h">
      <Filter>Common</Filter>
    </ClInclude>
    <ClInclude Include="..\..\IRUM_INC\IRUM_Common.h">
      <Filter>Common</Filter>
    </ClInclude>
    <ClInclude Include="..\..\IRUM_UTIL\Log.h">
      <Filter>Common</Filter>
    </ClInclude>
    <ClInclude Include="..\..\IRUM_UTIL\LogMsg.h">
      <Filter>Common</Filter>
    </ClInclude>
    <ClInclude Include="..\..\IRUM_UTIL\MCastRecv.h">
      <Filter>Common</Filter>
    </ClInclude>
    <ClInclude Include="..\..\IRUM_UTIL\MemPool.h">
      <Filter>Common</Filter>
    </ClInclude>
    <ClInclude Include="..\..\IRUM_UTIL\Prop.h">
      <Filter>Common</Filter>
    </ClInclude>
    <ClInclude Include="..\..\IRUM_UTIL\Util.h">
      <Filter>Common</Filter>
    </ClInclude>
  </ItemGroup>
  <ItemGroup>
    <Text Include="ReadMe.txt" />
  </ItemGroup>
  <ItemGroup>
    <Filter Include="Common">
      <UniqueIdentifier>{d4679058-edb1-401b-bfa5-75c3956a8b33}</UniqueIdentifier>
    </Filter>
  </ItemGroup>
</Project>