<?xml version="1.0" encoding="utf-8"?>
<Project ToolsVersion="4.0" xmlns="http://schemas.microsoft.com/developer/msbuild/2003">
  <ItemGroup>
    <ClCompile Include="stdafx.cpp" />
    <ClCompile Include="..\..\IRUM_UTIL\ADOFunc.cpp">
      <Filter>Common</Filter>
    </ClCompile>
    <ClCompile Include="ESApiDllDlg.cpp">
      <Filter>Source</Filter>
    </ClCompile>
    <ClCompile Include="ESApiDllDlgDlg.cpp">
      <Filter>Source</Filter>
    </ClCompile>
    <ClCompile Include="..\..\IRUM_INC\IRUM_Common.cpp">
      <Filter>Common</Filter>
    </ClCompile>
    <ClCompile Include="..\..\IRUM_UTIL\Log.cpp">
      <Filter>Common</Filter>
    </ClCompile>
    <ClCompile Include="..\..\IRUM_UTIL\LogMsg.cpp">
      <Filter>Common</Filter>
    </ClCompile>
    <ClCompile Include="..\..\IRUM_UTIL\Prop.cpp">
      <Filter>Common</Filter>
    </ClCompile>
    <ClCompile Include="..\..\IRUM_UTIL\SharedMem.cpp">
      <Filter>Common</Filter>
    </ClCompile>
    <ClCompile Include="..\..\IRUM_UTIL\TcpSrv.cpp">
      <Filter>Common</Filter>
    </ClCompile>
    <ClCompile Include="TrayIconMng.cpp">
      <Filter>Common</Filter>
    </ClCompile>
    <ClCompile Include="..\..\IRUM_UTIL\Util.cpp">
      <Filter>Common</Filter>
    </ClCompile>
  </ItemGroup>
  <ItemGroup>
    <ClInclude Include="..\Common\ChartCommon.h" />
    <ClInclude Include="ESApi.h" />
    <ClInclude Include="ESApiDllDlg.h" />
    <ClInclude Include="ESApiDllDlgDlg.h" />
    <ClInclude Include="NanoSocket.h" />
    <ClInclude Include="Resource.h" />
    <ClInclude Include="stdafx.h" />
    <ClInclude Include="targetver.h" />
    <ClInclude Include="..\..\IRUM_UTIL\BaseThread.h">
      <Filter>Common</Filter>
    </ClInclude>
    <ClInclude Include="..\..\IRUM_UTIL\ADOFunc.h">
      <Filter>Common</Filter>
    </ClInclude>
    <ClInclude Include="..\..\IRUM_INC\IRUM_Common.h">
      <Filter>Common</Filter>
    </ClInclude>
    <ClInclude Include="..\..\IRUM_UTIL\Log.h">
      <Filter>Common</Filter>
    </ClInclude>
    <ClInclude Include="..\..\IRUM_UTIL\LogMsg.h">
      <Filter>Common</Filter>
    </ClInclude>
    <ClInclude Include="..\..\IRUM_UTIL\Prop.h">
      <Filter>Common</Filter>
    </ClInclude>
    <ClInclude Include="..\..\IRUM_UTIL\SharedMem.h">
      <Filter>Common</Filter>
    </ClInclude>
    <ClInclude Include="..\..\IRUM_UTIL\TcpSrv.h">
      <Filter>Common</Filter>
    </ClInclude>
    <ClInclude Include="TrayIconMng.h">
      <Filter>Common</Filter>
    </ClInclude>
    <ClInclude Include="..\..\IRUM_UTIL\Util.h">
      <Filter>Common</Filter>
    </ClInclude>
  </ItemGroup>
  <ItemGroup>
    <ResourceCompile Include="ESApiDllDlg.rc" />
  </ItemGroup>
  <ItemGroup>
    <None Include="ChartMaker.ini" />
    <None Include="ClassDiagram.cd" />
    <None Include="res\ESApiDllDlg.ico" />
    <None Include="res\ESApiDllDlg.rc2" />
  </ItemGroup>
  <ItemGroup>
    <Text Include="DevNote.txt" />
  </ItemGroup>
  <ItemGroup>
    <Filter Include="Common">
      <UniqueIdentifier>{4b34a253-dd00-4c57-b1fb-069297ef5f24}</UniqueIdentifier>
    </Filter>
    <Filter Include="Header">
      <UniqueIdentifier>{530958bb-9914-4817-a2bf-2e6768cd17db}</UniqueIdentifier>
    </Filter>
    <Filter Include="Source">
      <UniqueIdentifier>{117a8208-8eab-4ac2-b483-238a26c0ec94}</UniqueIdentifier>
    </Filter>
  </ItemGroup>
</Project>