<?xml version="1.0" encoding="utf-8"?>
<Project ToolsVersion="4.0" xmlns="http://schemas.microsoft.com/developer/msbuild/2003">
  <ItemGroup>
    <ClCompile Include="CreateSaveShm.cpp" />
    <ClCompile Include="main.cpp" />
    <ClCompile Include="..\..\IRUM_UTIL\ADOFunc.cpp">
      <Filter>Common</Filter>
    </ClCompile>
    <ClCompile Include="..\..\IRUM_INC\IRUM_Common.cpp">
      <Filter>Common</Filter>
    </ClCompile>
    <ClCompile Include="..\..\IRUM_UTIL\Log.cpp">
      <Filter>Common</Filter>
    </ClCompile>
    <ClCompile Include="..\..\IRUM_UTIL\LogMsg.cpp">
      <Filter>Common</Filter>
    </ClCompile>
    <ClCompile Include="..\..\IRUM_UTIL\Prop.cpp">
      <Filter>Common</Filter>
    </ClCompile>
    <ClCompile Include="..\..\IRUM_UTIL\SharedMem.cpp">
      <Filter>Common</Filter>
    </ClCompile>
    <ClCompile Include="..\..\IRUM_UTIL\Util.cpp">
      <Filter>Common</Filter>
    </ClCompile>
  </ItemGroup>
  <ItemGroup>
    <ClInclude Include="CreateSaveShm.h" />
    <ClInclude Include="Main.h" />
    <ClInclude Include="..\..\IRUM_UTIL\ADOFunc.h">
      <Filter>Common</Filter>
    </ClInclude>
    <ClInclude Include="..\..\IRUM_UTIL\BaseThread.h">
      <Filter>Common</Filter>
    </ClInclude>
    <ClInclude Include="..\..\IRUM_INC\IRUM_Common.h">
      <Filter>Common</Filter>
    </ClInclude>
    <ClInclude Include="..\..\IRUM_UTIL\Log.h">
      <Filter>Common</Filter>
    </ClInclude>
    <ClInclude Include="..\..\IRUM_UTIL\LogMsg.h">
      <Filter>Common</Filter>
    </ClInclude>
    <ClInclude Include="..\..\IRUM_UTIL\Prop.h">
      <Filter>Common</Filter>
    </ClInclude>
    <ClInclude Include="..\..\IRUM_UTIL\SharedMem.h">
      <Filter>Common</Filter>
    </ClInclude>
    <ClInclude Include="..\..\IRUM_UTIL\Util.h">
      <Filter>Common</Filter>
    </ClInclude>
  </ItemGroup>
  <ItemGroup>
    <None Include="ChartShmDB.ini" />
  </ItemGroup>
  <ItemGroup>
    <Filter Include="Common">
      <UniqueIdentifier>{4f249de6-fcf8-4eab-b1b5-a1c0ff26c8bb}</UniqueIdentifier>
    </Filter>
  </ItemGroup>
</Project>