<?xml version="1.0" encoding="utf-8"?>
<Project ToolsVersion="4.0" xmlns="http://schemas.microsoft.com/developer/msbuild/2003">
  <ItemGroup>
    <ClCompile Include="..\..\LIBSRC\SiseClntSend.cpp" />
    <ClCompile Include="Dlg_t5511.cpp" />
    <ClCompile Include="..\..\LIBSRC\CVT_ETK.cpp">
      <Filter>CONVERT</Filter>
    </ClCompile>
    <ClCompile Include="..\..\LIBSRC\TcpClnt.cpp">
      <Filter>LIBSRC</Filter>
    </ClCompile>
    <ClCompile Include="..\..\LIBSRC\Log.cpp">
      <Filter>LIBSRC</Filter>
    </ClCompile>
    <ClCompile Include="..\..\LIBSRC\LOGDEBUG.CPP">
      <Filter>LIBSRC</Filter>
    </ClCompile>
    <ClCompile Include="..\..\LIBSRC\MQBase.cpp">
      <Filter>LIBSRC</Filter>
    </ClCompile>
    <ClCompile Include="..\..\LIBSRC\SharedMem.cpp">
      <Filter>LIBSRC</Filter>
    </ClCompile>
    <ClCompile Include="..\..\LIBSRC\Screwdb.cpp">
      <Filter>LIBSRC</Filter>
    </ClCompile>
    <ClCompile Include="..\..\LIBSRC\UdpSend.cpp">
      <Filter>LIBSRC</Filter>
    </ClCompile>
    <ClCompile Include="..\..\LIBSRC\Util.cpp">
      <Filter>LIBSRC</Filter>
    </ClCompile>
    <ClCompile Include="DlgLogin.cpp">
      <Filter>Login</Filter>
    </ClCompile>
    <ClCompile Include="ChildFrm.cpp">
      <Filter>Source Files</Filter>
    </ClCompile>
    <ClCompile Include="ChildView.cpp">
      <Filter>Source Files</Filter>
    </ClCompile>
    <ClCompile Include="DlgTRBar.cpp">
      <Filter>Source Files</Filter>
    </ClCompile>
    <ClCompile Include="MainFrm.cpp">
      <Filter>Source Files</Filter>
    </ClCompile>
    <ClCompile Include="scbarg.cpp">
      <Filter>Source Files</Filter>
    </ClCompile>
    <ClCompile Include="sizecbar.cpp">
      <Filter>Source Files</Filter>
    </ClCompile>
    <ClCompile Include="StdAfx.cpp">
      <Filter>Source Files</Filter>
    </ClCompile>
    <ClCompile Include="TRBar.cpp">
      <Filter>Source Files</Filter>
    </ClCompile>
    <ClCompile Include="XingAPI_Sample.cpp">
      <Filter>Source Files</Filter>
    </ClCompile>
    <ClCompile Include="Dlg_FC0.cpp">
      <Filter>시세호가</Filter>
    </ClCompile>
    <ClCompile Include="Dlg_t2101.cpp">
      <Filter>시세호가</Filter>
    </ClCompile>
    <ClCompile Include="Dlg_H1_.cpp">
      <Filter>실시간TR</Filter>
    </ClCompile>
    <ClCompile Include="Dlg_H2_.cpp">
      <Filter>실시간TR</Filter>
    </ClCompile>
    <ClCompile Include="Real_OrdCntr.cpp">
      <Filter>실시간TR</Filter>
    </ClCompile>
    <ClCompile Include="Dlg_t0431.cpp">
      <Filter>조회TR</Filter>
    </ClCompile>
    <ClCompile Include="Dlg_t0433.cpp">
      <Filter>조회TR</Filter>
    </ClCompile>
    <ClCompile Include="Dlg_t6011.cpp">
      <Filter>조회TR</Filter>
    </ClCompile>
    <ClCompile Include="Dlg_t6024.cpp">
      <Filter>조회TR</Filter>
    </ClCompile>
    <ClCompile Include="Dlg_t9905.cpp">
      <Filter>조회TR</Filter>
    </ClCompile>
    <ClCompile Include="Dlg_FC0_1.cpp">
      <Filter>시세호가</Filter>
    </ClCompile>
  </ItemGroup>
  <ItemGroup>
    <ClInclude Include="..\..\LIBSRC\SiseClntSend.h" />
    <ClInclude Include="..\..\INCLUDE\API_ETK\t2101.h" />
    <ClInclude Include="..\..\INCLUDE\API_ETK\C01.h" />
    <ClInclude Include="Dlg_t5511.h" />
    <ClInclude Include="..\..\INCLUDE\API_ETK\t5511.h" />
    <ClInclude Include="..\..\INCLUDE\API_ETK\t5512.h" />
    <ClInclude Include="..\..\INCLUDE\API_ETK\t5513.h" />
    <ClInclude Include="..\..\INCLUDE\COMMON.H">
      <Filter>CONVERT</Filter>
    </ClInclude>
    <ClInclude Include="..\..\LIBSRC\CVT_ETK.h">
      <Filter>CONVERT</Filter>
    </ClInclude>
    <ClInclude Include="..\..\INCLUDE\Packet.h">
      <Filter>CONVERT</Filter>
    </ClInclude>
    <ClInclude Include="ChildFrm.h">
      <Filter>Header Files</Filter>
    </ClInclude>
    <ClInclude Include="ChildView.h">
      <Filter>Header Files</Filter>
    </ClInclude>
    <ClInclude Include="DlgTRBar.h">
      <Filter>Header Files</Filter>
    </ClInclude>
    <ClInclude Include="IXingAPI.h">
      <Filter>Header Files</Filter>
    </ClInclude>
    <ClInclude Include="MainFrm.h">
      <Filter>Header Files</Filter>
    </ClInclude>
    <ClInclude Include="Resource.h">
      <Filter>Header Files</Filter>
    </ClInclude>
    <ClInclude Include="scbarg.h">
      <Filter>Header Files</Filter>
    </ClInclude>
    <ClInclude Include="sizecbar.h">
      <Filter>Header Files</Filter>
    </ClInclude>
    <ClInclude Include="StdAfx.h">
      <Filter>Header Files</Filter>
    </ClInclude>
    <ClInclude Include="TRBar.h">
      <Filter>Header Files</Filter>
    </ClInclude>
    <ClInclude Include="XingAPI_Sample.h">
      <Filter>Header Files</Filter>
    </ClInclude>
    <ClInclude Include="..\..\LIBSRC\TcpClnt.h">
      <Filter>LIBSRC</Filter>
    </ClInclude>
    <ClInclude Include="..\..\LIBSRC\Log.h">
      <Filter>LIBSRC</Filter>
    </ClInclude>
    <ClInclude Include="..\..\LIBSRC\LOGDEBUG.H">
      <Filter>LIBSRC</Filter>
    </ClInclude>
    <ClInclude Include="..\..\LIBSRC\MQBase.h">
      <Filter>LIBSRC</Filter>
    </ClInclude>
    <ClInclude Include="..\..\LIBSRC\SharedMem.h">
      <Filter>LIBSRC</Filter>
    </ClInclude>
    <ClInclude Include="..\..\LIBSRC\Screwdb.h">
      <Filter>LIBSRC</Filter>
    </ClInclude>
    <ClInclude Include="..\..\LIBSRC\UdpSend.h">
      <Filter>LIBSRC</Filter>
    </ClInclude>
    <ClInclude Include="..\..\LIBSRC\Util.h">
      <Filter>LIBSRC</Filter>
    </ClInclude>
    <ClInclude Include="DlgLogin.h">
      <Filter>Login</Filter>
    </ClInclude>
    <ClInclude Include="Dlg_FC0.h">
      <Filter>시세호가</Filter>
    </ClInclude>
    <ClInclude Include="Dlg_t2101.h">
      <Filter>시세호가</Filter>
    </ClInclude>
    <ClInclude Include="..\..\INCLUDE\API_ETK\FC0.h">
      <Filter>시세호가</Filter>
    </ClInclude>
    <ClInclude Include="..\..\INCLUDE\API_ETK\FH0.h">
      <Filter>시세호가</Filter>
    </ClInclude>
    <ClInclude Include="..\..\INCLUDE\API_ETK\H01.h">
      <Filter>시세호가</Filter>
    </ClInclude>
    <ClInclude Include="..\..\INCLUDE\API_ETK\NC0.h">
      <Filter>시세호가</Filter>
    </ClInclude>
    <ClInclude Include="..\..\INCLUDE\API_ETK\NH0.h">
      <Filter>시세호가</Filter>
    </ClInclude>
    <ClInclude Include="..\..\INCLUDE\API_ETK\O01.h">
      <Filter>시세호가</Filter>
    </ClInclude>
    <ClInclude Include="..\..\INCLUDE\API_ETK\OC0.h">
      <Filter>시세호가</Filter>
    </ClInclude>
    <ClInclude Include="..\..\INCLUDE\API_ETK\OH0.h">
      <Filter>시세호가</Filter>
    </ClInclude>
    <ClInclude Include="Dlg_H1_.h">
      <Filter>실시간TR</Filter>
    </ClInclude>
    <ClInclude Include="Dlg_H2_.h">
      <Filter>실시간TR</Filter>
    </ClInclude>
    <ClInclude Include="Real_OrdCntr.h">
      <Filter>실시간TR</Filter>
    </ClInclude>
    <ClInclude Include="Dlg_t0433.h">
      <Filter>조회TR</Filter>
    </ClInclude>
    <ClInclude Include="Dlg_t0431.h">
      <Filter>조회TR</Filter>
    </ClInclude>
    <ClInclude Include="Dlg_t9905.h">
      <Filter>조회TR</Filter>
    </ClInclude>
    <ClInclude Include="Dlg_t6011.h">
      <Filter>조회TR</Filter>
    </ClInclude>
    <ClInclude Include="Dlg_t6024.h">
      <Filter>조회TR</Filter>
    </ClInclude>
    <ClInclude Include="Dlg_FC0_1.h">
      <Filter>시세호가</Filter>
    </ClInclude>
  </ItemGroup>
  <ItemGroup>
    <CustomBuild Include="trlist.txt" />
    <CustomBuild Include="DevNote.txt" />
    <CustomBuild Include="ReadMe.txt" />
    <CustomBuild Include="res\cursor1.cur">
      <Filter>Resource Files</Filter>
    </CustomBuild>
    <CustomBuild Include="res\XingAPI_Sample.rc2">
      <Filter>Resource Files</Filter>
    </CustomBuild>
    <CustomBuild Include="res\XingAPI_Sample.ico">
      <Filter>Resource Files</Filter>
    </CustomBuild>
  </ItemGroup>
  <ItemGroup>
    <Filter Include="CONVERT">
      <UniqueIdentifier>{04624d57-aa5a-45ee-ba37-6631666870af}</UniqueIdentifier>
    </Filter>
    <Filter Include="Header Files">
      <UniqueIdentifier>{faa48461-e2c7-4787-9647-439262951fb6}</UniqueIdentifier>
    </Filter>
    <Filter Include="LIBSRC">
      <UniqueIdentifier>{9df9d963-174a-47b3-a282-6f2b13fefa60}</UniqueIdentifier>
    </Filter>
    <Filter Include="Login">
      <UniqueIdentifier>{ceb8d778-63ea-442d-b1a4-6a67922ac2d7}</UniqueIdentifier>
    </Filter>
    <Filter Include="Resource Files">
      <UniqueIdentifier>{0a7420a0-2551-447d-972f-77dfa8aec677}</UniqueIdentifier>
    </Filter>
    <Filter Include="Source Files">
      <UniqueIdentifier>{0df658a7-0483-4342-a01e-186003d13a02}</UniqueIdentifier>
    </Filter>
    <Filter Include="시세호가">
      <UniqueIdentifier>{4ac30a51-085d-4d62-bb57-2edd88f96e9c}</UniqueIdentifier>
    </Filter>
    <Filter Include="실시간TR">
      <UniqueIdentifier>{a244267b-0306-4a45-85b0-5933c418201e}</UniqueIdentifier>
    </Filter>
    <Filter Include="조회TR">
      <UniqueIdentifier>{338a2d57-09b0-46cb-a1c1-003dd8e4bf9f}</UniqueIdentifier>
    </Filter>
    <Filter Include="주문TR_REAL">
      <UniqueIdentifier>{04eca25e-d62d-49db-a7ee-ecc536b2c942}</UniqueIdentifier>
    </Filter>
  </ItemGroup>
  <ItemGroup>
    <ResourceCompile Include="XingAPI_Sample.rc">
      <Filter>Resource Files</Filter>
    </ResourceCompile>
  </ItemGroup>
</Project>