<?xml version="1.0" encoding="utf-8"?>
<Project ToolsVersion="4.0" xmlns="http://schemas.microsoft.com/developer/msbuild/2003">
  <ItemGroup>
    <Filter Include="Resource Files">
      <UniqueIdentifier>{67DA6AB6-F800-4c08-8B7A-83BB121AAD01}</UniqueIdentifier>
      <Extensions>rc;ico;cur;bmp;dlg;rc2;rct;bin;rgs;gif;jpg;jpeg;jpe;resx;tiff;tif;png;wav;mfcribbon-ms</Extensions>
    </Filter>
    <Filter Include="Log">
      <UniqueIdentifier>{055fa15b-2c11-4155-856b-50c7bfbee729}</UniqueIdentifier>
    </Filter>
    <Filter Include="Common">
      <UniqueIdentifier>{b9f68fa0-b83d-467f-89b1-bf8a2648ccd2}</UniqueIdentifier>
    </Filter>
    <Filter Include="Main">
      <UniqueIdentifier>{93995380-89BD-4b04-88EB-625FBE52EBFB}</UniqueIdentifier>
      <Extensions>h;hh;hpp;hxx;hm;inl;inc;xsd</Extensions>
    </Filter>
  </ItemGroup>
  <ItemGroup>
    <Text Include="ReadMe.txt" />
  </ItemGroup>
  <ItemGroup>
    <ClCompile Include="..\..\IRUM_UTIL\Log.cpp">
      <Filter>Log</Filter>
    </ClCompile>
    <ClCompile Include="..\..\IRUM_UTIL\LogMsg.cpp">
      <Filter>Log</Filter>
    </ClCompile>
    <ClCompile Include="main.cpp">
      <Filter>Main</Filter>
    </ClCompile>
    <ClCompile Include="..\..\IRUM_UTIL\Prop.cpp">
      <Filter>Common</Filter>
    </ClCompile>
    <ClCompile Include="..\..\IRUM_UTIL\MemPool.cpp">
      <Filter>Common</Filter>
    </ClCompile>
    <ClCompile Include="Listen.cpp" />
    <ClCompile Include="..\Common\BPInc.cpp">
      <Filter>Main</Filter>
    </ClCompile>
    <ClCompile Include="..\Common\BPProtocol.cpp">
      <Filter>Main</Filter>
    </ClCompile>
    <ClCompile Include="..\..\IRUM_UTIL\Util.cpp">
      <Filter>Common</Filter>
    </ClCompile>
    <ClCompile Include="Dispatch.cpp">
      <Filter>Main</Filter>
    </ClCompile>
    <ClCompile Include="MasterSlave.cpp">
      <Filter>Main</Filter>
    </ClCompile>
  </ItemGroup>
  <ItemGroup>
    <ClInclude Include="Main.h">
      <Filter>Main</Filter>
    </ClInclude>
    <ClInclude Include="..\..\IRUM_UTIL\Log.h">
      <Filter>Log</Filter>
    </ClInclude>
    <ClInclude Include="..\..\IRUM_UTIL\LogMsg.h">
      <Filter>Log</Filter>
    </ClInclude>
    <ClInclude Include="..\..\IRUM_UTIL\Prop.h">
      <Filter>Common</Filter>
    </ClInclude>
    <ClInclude Include="..\..\IRUM_UTIL\MemPool.h">
      <Filter>Common</Filter>
    </ClInclude>
    <ClInclude Include="Listen.h">
      <Filter>Main</Filter>
    </ClInclude>
    <ClInclude Include="..\Common\BPInc.h">
      <Filter>Main</Filter>
    </ClInclude>
    <ClInclude Include="..\Common\BPProtocol.h">
      <Filter>Main</Filter>
    </ClInclude>
    <ClInclude Include="..\..\IRUM_UTIL\Util.h">
      <Filter>Common</Filter>
    </ClInclude>
    <ClInclude Include="Dispatch.h">
      <Filter>Main</Filter>
    </ClInclude>
    <ClInclude Include="MasterSlave.h">
      <Filter>Main</Filter>
    </ClInclude>
  </ItemGroup>
  <ItemGroup>
    <None Include="BPRelay.ini">
      <Filter>Main</Filter>
    </None>
  </ItemGroup>
</Project>