<?xml version="1.0" encoding="utf-8"?>
<Project ToolsVersion="4.0" xmlns="http://schemas.microsoft.com/developer/msbuild/2003">
  <ItemGroup>
    <Filter Include="소스 파일">
      <UniqueIdentifier>{4FC737F1-C7A5-4376-A066-2A32D752A2FF}</UniqueIdentifier>
      <Extensions>cpp;c;cc;cxx;def;odl;idl;hpj;bat;asm;asmx</Extensions>
    </Filter>
    <Filter Include="리소스 파일">
      <UniqueIdentifier>{67DA6AB6-F800-4c08-8B7A-83BB121AAD01}</UniqueIdentifier>
      <Extensions>rc;ico;cur;bmp;dlg;rc2;rct;bin;rgs;gif;jpg;jpeg;jpe;resx;tiff;tif;png;wav;mfcribbon-ms</Extensions>
    </Filter>
    <Filter Include="MapClasses">
      <UniqueIdentifier>{4d61839d-3e3f-474f-8ac5-285d9cd53e6f}</UniqueIdentifier>
    </Filter>
    <Filter Include="MainLogic">
      <UniqueIdentifier>{93995380-89BD-4b04-88EB-625FBE52EBFB}</UniqueIdentifier>
      <Extensions>h;hh;hpp;hxx;hm;inl;inc;xsd</Extensions>
    </Filter>
    <Filter Include="헤더파일">
      <UniqueIdentifier>{60771c44-6700-4d16-a000-f171e29380fa}</UniqueIdentifier>
    </Filter>
  </ItemGroup>
  <ItemGroup>
    <Text Include="ReadMe.txt" />
  </ItemGroup>
  <ItemGroup>
    <ClCompile Include="dllmain.cpp">
      <Filter>소스 파일</Filter>
    </ClCompile>
    <ClCompile Include="HashMap.cpp">
      <Filter>MainLogic</Filter>
    </ClCompile>
    <ClCompile Include="SimpleMapLKey.cpp">
      <Filter>MapClasses</Filter>
    </ClCompile>
    <ClCompile Include="SimpleMapSKey.cpp">
      <Filter>MapClasses</Filter>
    </ClCompile>
    <ClCompile Include="ListMapSKey.cpp">
      <Filter>MapClasses</Filter>
    </ClCompile>
    <ClCompile Include="ListMapLKey.cpp">
      <Filter>MapClasses</Filter>
    </ClCompile>
  </ItemGroup>
  <ItemGroup>
    <ClInclude Include="HashMap.h">
      <Filter>MainLogic</Filter>
    </ClInclude>
    <ClInclude Include="MapClassSimpleBase.h">
      <Filter>MapClasses</Filter>
    </ClInclude>
    <ClInclude Include="HashMapInc.h">
      <Filter>MapClasses</Filter>
    </ClInclude>
    <ClInclude Include="SimpleMapLKey.h">
      <Filter>MapClasses</Filter>
    </ClInclude>
    <ClInclude Include="SimpleMapSKey.h">
      <Filter>MapClasses</Filter>
    </ClInclude>
    <ClInclude Include="HashMapIF.h">
      <Filter>헤더파일</Filter>
    </ClInclude>
    <ClInclude Include="MapClassListBase.h">
      <Filter>MapClasses</Filter>
    </ClInclude>
    <ClInclude Include="ListMapSKey.h">
      <Filter>MapClasses</Filter>
    </ClInclude>
    <ClInclude Include="ListMapLKey.h">
      <Filter>MapClasses</Filter>
    </ClInclude>
  </ItemGroup>
</Project>