<?xml version="1.0" encoding="utf-8"?>
<Project ToolsVersion="4.0" xmlns="http://schemas.microsoft.com/developer/msbuild/2003">
  <ItemGroup>
    <ClCompile Include="..\Common\BARelayInc.cpp">
      <Filter>Common</Filter>
    </ClCompile>
    <ClCompile Include="dllmain.cpp">
      <Filter>Source Files</Filter>
    </ClCompile>
    <ClCompile Include="BARelayEA.cpp">
      <Filter>Source Files</Filter>
    </ClCompile>
    <ClCompile Include="..\Common\NanoQBase.cpp">
      <Filter>Common</Filter>
    </ClCompile>
    <ClCompile Include="..\Common\NanoQPipe.cpp">
      <Filter>Common</Filter>
    </ClCompile>
    <ClCompile Include="..\Common\NanoQPubSub.cpp">
      <Filter>Common</Filter>
    </ClCompile>
  </ItemGroup>
  <ItemGroup>
    <ClInclude Include="..\Common\BARelayInc.h">
      <Filter>Common</Filter>
    </ClInclude>
    <ClInclude Include="..\Common\NanoQBase.h">
      <Filter>Common</Filter>
    </ClInclude>
    <ClInclude Include="..\Common\NanoQPipe.h">
      <Filter>Common</Filter>
    </ClInclude>
    <ClInclude Include="..\Common\NanoQPubSub.h">
      <Filter>Common</Filter>
    </ClInclude>
    <ClInclude Include="BARelayEA.h" />
  </ItemGroup>
  <ItemGroup>
    <Text Include="ReadMe.txt" />
  </ItemGroup>
  <ItemGroup>
    <Filter Include="Common">
      <UniqueIdentifier>{a4b2771d-487b-4ad8-9581-b238c7a96d97}</UniqueIdentifier>
    </Filter>
    <Filter Include="Header Files">
      <UniqueIdentifier>{896cae5c-b307-4c0f-b0af-f4ce51d89622}</UniqueIdentifier>
    </Filter>
    <Filter Include="Source Files">
      <UniqueIdentifier>{7e8779d4-b563-44af-a326-83ba60c731a4}</UniqueIdentifier>
    </Filter>
  </ItemGroup>
</Project>